github.com/karrick/gobp v1.1.0 h1:kpuuiC2Dp6Pq/xrvPsuHrpY3BzJF1+ETzmNKyghcT+c=
github.com/karrick/gobp v1.1.0/go.mod h1:1/PkJ2iO3XIgCnvoesy0tYdy7E4DuF7rlb9uAc79Q78=
github.com/karrick/gorill v1.4.0 h1:Ym3xPcMH2kjQXp4qlD4xNI1/88ZCDQe/KwaTbSkYzLI=
github.com/karrick/gorill v1.4.0/go.mod h1:urx65/Lk/pupwNuP+jFSHBpBsFEmy1dLSOWpgOCeD/I=
